<?xml version="1.0" encoding="utf-8"?>
<Project ToolsVersion="4.0" xmlns="http://schemas.microsoft.com/developer/msbuild/2003">
  <ItemGroup>
    <Filter Include="Math">
      <UniqueIdentifier>{3f852cef-c314-4306-bdec-7c0b64b15961}</UniqueIdentifier>
    </Filter>
    <Filter Include="Time">
      <UniqueIdentifier>{4FC737F1-C7A5-4376-A066-2A32D752A2FF}</UniqueIdentifier>
      <Extensions>
      </Extensions>
    </Filter>
    <Filter Include="Input">
      <UniqueIdentifier>{614ffc27-bce7-4d13-9c80-73d3f02d7127}</UniqueIdentifier>
    </Filter>
    <Filter Include="ThirdParty">
      <UniqueIdentifier>{e104e30a-9340-41c1-898b-b8bc0d7f9693}</UniqueIdentifier>
    </Filter>
    <Filter Include="ThirdParty\stb">
      <UniqueIdentifier>{21b8363e-1991-4af3-8be5-b5995a3de973}</UniqueIdentifier>
    </Filter>
    <Filter Include="Error">
      <UniqueIdentifier>{953a5577-126e-43a2-883e-ba7fe56e2767}</UniqueIdentifier>
    </Filter>
    <Filter Include="String">
      <UniqueIdentifier>{362ccd5c-f942-4256-92ee-5235dba6bbb4}</UniqueIdentifier>
    </Filter>
    <Filter Include="ThirdParty\fmod">
      <UniqueIdentifier>{a5be19eb-f514-40c8-a3cd-2736a446e583}</UniqueIdentifier>
    </Filter>
    <Filter Include="Audio">
      <UniqueIdentifier>{f8229c42-2abf-41a7-838f-e9070b5255dc}</UniqueIdentifier>
    </Filter>
    <Filter Include="FileUtils">
      <UniqueIdentifier>{6a00c0d8-2016-4318-b50a-1633d7925348}</UniqueIdentifier>
    </Filter>
    <Filter Include="Core">
      <UniqueIdentifier>{59b858bc-e968-4e64-bb3e-7e3c58bdf4ee}</UniqueIdentifier>
    </Filter>
    <Filter Include="Renderer">
      <UniqueIdentifier>{5a3e139c-f142-4b70-804b-51b2ea33a48a}</UniqueIdentifier>
    </Filter>
    <Filter Include="Renderer\SD3">
      <UniqueIdentifier>{7d939877-14a5-4a43-ab80-f537dc758091}</UniqueIdentifier>
    </Filter>
    <Filter Include="Physics">
      <UniqueIdentifier>{37b5a58d-47c0-4fc6-9eb2-90fd2653533a}</UniqueIdentifier>
    </Filter>
    <Filter Include="Tools">
      <UniqueIdentifier>{5b99d1a1-088d-4166-8e4c-c64ec2e5c4eb}</UniqueIdentifier>
    </Filter>
    <Filter Include="Renderer\AES">
      <UniqueIdentifier>{0d31377f-9296-4986-a569-694ac0b245f4}</UniqueIdentifier>
    </Filter>
    <Filter Include="ThirdParty\Parsers">
      <UniqueIdentifier>{af43e4cd-8ad0-430b-a077-014a1d522c2b}</UniqueIdentifier>
    </Filter>
    <Filter Include="Memory">
      <UniqueIdentifier>{a354f7c9-11b7-4de9-b261-7ae44ca3b26a}</UniqueIdentifier>
    </Filter>
    <Filter Include="FileUtils\Writers">
      <UniqueIdentifier>{f1767ad6-aa8e-4ecc-9ba2-a3dd5cd7ce3c}</UniqueIdentifier>
    </Filter>
    <Filter Include="FileUtils\Readers">
      <UniqueIdentifier>{c1ae6421-d8ff-4d26-9b5f-6d751e57ebe1}</UniqueIdentifier>
    </Filter>
    <Filter Include="Concurrency">
      <UniqueIdentifier>{de36656c-3db1-45dc-95c5-939a8df83632}</UniqueIdentifier>
    </Filter>
    <Filter Include="Renderer\SD5">
      <UniqueIdentifier>{9d57029c-30f0-4dcd-b967-d0e52fa07ad5}</UniqueIdentifier>
    </Filter>
    <Filter Include="Math\Cameras">
      <UniqueIdentifier>{eb7df790-597d-4084-b4e5-643e5781b16c}</UniqueIdentifier>
    </Filter>
    <Filter Include="Renderer\DFS1">
      <UniqueIdentifier>{bf8001ad-0768-4b2f-b15a-847df0089681}</UniqueIdentifier>
    </Filter>
    <Filter Include="Tools\Profiling">
      <UniqueIdentifier>{3b7897f8-bd97-4bdf-9ed8-d9403d3b71c9}</UniqueIdentifier>
    </Filter>
    <Filter Include="ThirdParty\fmodStudio">
      <UniqueIdentifier>{242e9bba-4f76-43f9-b2a1-830695668323}</UniqueIdentifier>
    </Filter>
    <Filter Include="Renderer\Particles">
      <UniqueIdentifier>{770f1d70-7dee-41e9-897f-e25b6152bc52}</UniqueIdentifier>
    </Filter>
  </ItemGroup>
  <ItemGroup>
    <ClCompile Include="Math\Vector2.cpp">
      <Filter>Math</Filter>
    </ClCompile>
    <ClCompile Include="Math\MathUtils.cpp">
      <Filter>Math</Filter>
    </ClCompile>
    <ClCompile Include="Input\XboxController.cpp">
      <Filter>Input</Filter>
    </ClCompile>
    <ClCompile Include="Time\Time.cpp">
      <Filter>Time</Filter>
    </ClCompile>
    <ClCompile Include="Renderer\TheRenderer.cpp">
      <Filter>Renderer</Filter>
    </ClCompile>
    <ClCompile Include="Math\PolarCoords.cpp">
      <Filter>Math</Filter>
    </ClCompile>
    <ClCompile Include="Math\AABB2.cpp">
      <Filter>Math</Filter>
    </ClCompile>
    <ClCompile Include="Renderer\Texture.cpp">
      <Filter>Renderer</Filter>
    </ClCompile>
    <ClCompile Include="..\ThirdParty\stb\stb_image.c">
      <Filter>ThirdParty\stb</Filter>
    </ClCompile>
    <ClCompile Include="Error\ErrorWarningAssert.cpp">
      <Filter>Error</Filter>
    </ClCompile>
    <ClCompile Include="String\StringUtils.cpp">
      <Filter>String</Filter>
    </ClCompile>
    <ClCompile Include="Renderer\Rgba.cpp">
      <Filter>Renderer</Filter>
    </ClCompile>
    <ClCompile Include="..\ThirdParty\stb\stb_image_write.c">
      <Filter>ThirdParty\stb</Filter>
    </ClCompile>
    <ClCompile Include="Renderer\SpriteSheet.cpp">
      <Filter>Renderer</Filter>
    </ClCompile>
    <ClCompile Include="Renderer\SpriteAnimation.cpp">
      <Filter>Renderer</Filter>
    </ClCompile>
    <ClCompile Include="Audio\TheAudio.cpp">
      <Filter>Audio</Filter>
    </ClCompile>
    <ClCompile Include="Input\TheInput.cpp">
      <Filter>Input</Filter>
    </ClCompile>
    <ClCompile Include="Math\Vector3.cpp">
      <Filter>Math</Filter>
    </ClCompile>
    <ClCompile Include="Math\AABB3.cpp">
      <Filter>Math</Filter>
    </ClCompile>
    <ClCompile Include="Renderer\BitmapFont.cpp">
      <Filter>Renderer</Filter>
    </ClCompile>
    <ClCompile Include="Math\EulerAngles.cpp">
      <Filter>Math</Filter>
    </ClCompile>
    <ClCompile Include="Renderer\Vertexes.cpp">
      <Filter>Renderer</Filter>
    </ClCompile>
    <ClCompile Include="Math\Noise.cpp">
      <Filter>Math</Filter>
    </ClCompile>
    <ClCompile Include="FileUtils\FileUtils.cpp">
      <Filter>FileUtils</Filter>
    </ClCompile>
    <ClCompile Include="Renderer\OpenGLExtensions.cpp">
      <Filter>Renderer</Filter>
    </ClCompile>
    <ClCompile Include="Math\Vector4.cpp">
      <Filter>Math</Filter>
    </ClCompile>
    <ClCompile Include="Core\TheConsole.cpp">
      <Filter>Core</Filter>
    </ClCompile>
    <ClCompile Include="Core\Command.cpp">
      <Filter>Core</Filter>
    </ClCompile>
    <ClCompile Include="Math\Matrix4x4.cpp">
      <Filter>Math</Filter>
    </ClCompile>
    <ClCompile Include="Renderer\Sampler.cpp">
      <Filter>Renderer\SD3</Filter>
    </ClCompile>
    <ClCompile Include="Renderer\Shader.cpp">
      <Filter>Renderer\SD3</Filter>
    </ClCompile>
    <ClCompile Include="Renderer\VertexDefinition.cpp">
      <Filter>Renderer\SD3</Filter>
    </ClCompile>
    <ClCompile Include="Renderer\RenderState.cpp">
      <Filter>Renderer\SD3</Filter>
    </ClCompile>
    <ClCompile Include="Renderer\ShaderProgram.cpp">
      <Filter>Renderer\SD3</Filter>
    </ClCompile>
    <ClCompile Include="Renderer\Mesh.cpp">
      <Filter>Renderer\SD3</Filter>
    </ClCompile>
    <ClCompile Include="Renderer\Material.cpp">
      <Filter>Renderer\SD3</Filter>
    </ClCompile>
    <ClCompile Include="Renderer\VertexBuffer.cpp">
      <Filter>Renderer\SD3</Filter>
    </ClCompile>
    <ClCompile Include="Renderer\MeshRenderer.cpp">
      <Filter>Renderer\SD3</Filter>
    </ClCompile>
    <ClCompile Include="Renderer\Light.cpp">
      <Filter>Renderer\SD3</Filter>
    </ClCompile>
    <ClCompile Include="Renderer\FrameBuffer.cpp">
      <Filter>Renderer\SD3</Filter>
    </ClCompile>
    <ClCompile Include="Physics\PhysicsUtils.cpp">
      <Filter>Physics</Filter>
    </ClCompile>
    <ClCompile Include="Renderer\DebugRenderCommand.cpp">
      <Filter>Renderer</Filter>
    </ClCompile>
    <ClCompile Include="TheEngine.cpp" />
    <ClCompile Include="Renderer\MeshBuilder.cpp">
      <Filter>Renderer\AES</Filter>
    </ClCompile>
    <ClCompile Include="Math\Plane.cpp">
      <Filter>Math</Filter>
    </ClCompile>
    <ClCompile Include="Tools\FBXUtils.cpp">
      <Filter>Tools</Filter>
    </ClCompile>
    <ClCompile Include="EngineCommon.cpp" />
    <ClCompile Include="..\ThirdParty\Parsers\xmlparser\xmlParser.cpp">
      <Filter>ThirdParty\Parsers</Filter>
    </ClCompile>
    <ClCompile Include="FileUtils\XMLUtils.cpp">
      <Filter>FileUtils</Filter>
    </ClCompile>
    <ClCompile Include="Core\Entity.cpp">
      <Filter>Core</Filter>
    </ClCompile>
    <ClCompile Include="Memory\ByteUtils.cpp">
      <Filter>Memory</Filter>
    </ClCompile>
    <ClCompile Include="FileUtils\Writers\BinaryWriter.cpp">
      <Filter>FileUtils\Writers</Filter>
    </ClCompile>
    <ClCompile Include="FileUtils\Readers\BinaryReader.cpp">
      <Filter>FileUtils\Readers</Filter>
    </ClCompile>
    <ClCompile Include="FileUtils\Readers\FileBinaryReader.cpp">
      <Filter>FileUtils\Readers</Filter>
    </ClCompile>
    <ClCompile Include="FileUtils\Writers\FileBinaryWriter.cpp">
      <Filter>FileUtils\Writers</Filter>
    </ClCompile>
    <ClCompile Include="Renderer\Skeleton.cpp">
      <Filter>Renderer\AES</Filter>
    </ClCompile>
    <ClCompile Include="Math\MatrixStack.cpp">
      <Filter>Math</Filter>
    </ClCompile>
    <ClCompile Include="Renderer\FixedBitmapFont.cpp">
      <Filter>Renderer</Filter>
    </ClCompile>
    <ClCompile Include="Renderer\AnimationSequence.cpp">
      <Filter>Renderer\AES</Filter>
    </ClCompile>
    <ClCompile Include="Math\Interval.cpp">
      <Filter>Math</Filter>
    </ClCompile>
    <ClCompile Include="Memory\Memory.cpp">
      <Filter>Memory</Filter>
    </ClCompile>
    <ClCompile Include="Memory\CBuffer.cpp">
      <Filter>Memory</Filter>
    </ClCompile>
    <ClCompile Include="Memory\Callstack.cpp">
      <Filter>Memory</Filter>
    </ClCompile>
    <ClCompile Include="Memory\UntrackedAllocator.cpp">
      <Filter>Memory</Filter>
    </ClCompile>
    <ClCompile Include="Core\Logger.cpp">
      <Filter>Core</Filter>
    </ClCompile>
    <ClCompile Include="Renderer\SpriteRenderer.cpp">
      <Filter>Renderer\SD5</Filter>
    </ClCompile>
    <ClCompile Include="Renderer\SpriteResource.cpp">
      <Filter>Renderer\SD5</Filter>
    </ClCompile>
    <ClCompile Include="Renderer\Sprite.cpp">
      <Filter>Renderer\SD5</Filter>
    </ClCompile>
    <ClCompile Include="Math\Camera3D.cpp">
      <Filter>Math\Cameras</Filter>
    </ClCompile>
    <ClCompile Include="Math\Camera2D.cpp">
      <Filter>Math\Cameras</Filter>
    </ClCompile>
    <ClCompile Include="Renderer\FramebufferEffect.cpp">
      <Filter>Renderer\SD5</Filter>
    </ClCompile>
    <ClCompile Include="Renderer\RiftUtils.cpp">
      <Filter>Renderer\DFS1</Filter>
    </ClCompile>
    <ClCompile Include="Physics\Forces.cpp">
      <Filter>Physics</Filter>
    </ClCompile>
    <ClCompile Include="Renderer\AnimatedSprite.cpp">
      <Filter>Renderer\SD5</Filter>
    </ClCompile>
    <ClCompile Include="Core\InPlaceLinkedList.cpp">
      <Filter>Core</Filter>
    </ClCompile>
    <ClCompile Include="Core\TheEventSystem.cpp">
      <Filter>Core</Filter>
    </ClCompile>
    <ClCompile Include="Time\Stopwatch.cpp">
      <Filter>Time</Filter>
    </ClCompile>
    <ClCompile Include="Tools\Profiling\ProfileLogSection.cpp">
      <Filter>Tools\Profiling</Filter>
    </ClCompile>
    <ClCompile Include="Tools\Profiling\Profiler.cpp">
      <Filter>Tools\Profiling</Filter>
    </ClCompile>
    <ClCompile Include="Tools\Profiling\ProfileScopedSection.cpp">
      <Filter>Tools\Profiling</Filter>
    </ClCompile>
    <ClCompile Include="Tools\Profiling\ProfileSection.cpp">
      <Filter>Tools\Profiling</Filter>
    </ClCompile>
    <ClCompile Include="Memory\PageAllocator.cpp">
      <Filter>Memory</Filter>
    </ClCompile>
    <ClCompile Include="Renderer\ResourceDatabase.cpp">
      <Filter>Renderer\SD5</Filter>
    </ClCompile>
    <ClCompile Include="Renderer\RenderLayer.cpp">
      <Filter>Renderer\SD5</Filter>
    </ClCompile>
    <ClCompile Include="Physics\EphanovParticle.cpp">
      <Filter>Physics</Filter>
    </ClCompile>
    <ClCompile Include="Physics\EphanovParticleSystem.cpp">
      <Filter>Physics</Filter>
    </ClCompile>
    <ClCompile Include="Renderer\Particles\Particle.cpp">
      <Filter>Renderer\Particles</Filter>
    </ClCompile>
    <ClCompile Include="Renderer\Particles\ParticleEmitter.cpp">
      <Filter>Renderer\Particles</Filter>
    </ClCompile>
    <ClCompile Include="Renderer\Particles\ParticleEmitterDefinition.cpp">
      <Filter>Renderer\Particles</Filter>
    </ClCompile>
    <ClCompile Include="Renderer\Particles\ParticleSystem.cpp">
      <Filter>Renderer\Particles</Filter>
    </ClCompile>
    <ClCompile Include="Renderer\Particles\ParticleSystemDefinition.cpp">
      <Filter>Renderer\Particles</Filter>
    </ClCompile>
    <ClCompile Include="Renderer\Particles\ParticleSystemManager.cpp">
      <Filter>Renderer\Particles</Filter>
    </ClCompile>
  </ItemGroup>
  <ItemGroup>
    <ClInclude Include="Math\Vector2.hpp">
      <Filter>Math</Filter>
    </ClInclude>
    <ClInclude Include="Math\MathUtils.hpp">
      <Filter>Math</Filter>
    </ClInclude>
    <ClInclude Include="Input\XboxController.hpp">
      <Filter>Input</Filter>
    </ClInclude>
    <ClInclude Include="Time\Time.hpp">
      <Filter>Time</Filter>
    </ClInclude>
    <ClInclude Include="Renderer\TheRenderer.hpp">
      <Filter>Renderer</Filter>
    </ClInclude>
    <ClInclude Include="Math\PolarCoords.hpp">
      <Filter>Math</Filter>
    </ClInclude>
    <ClInclude Include="Math\AABB2.hpp">
      <Filter>Math</Filter>
    </ClInclude>
    <ClInclude Include="Renderer\Texture.hpp">
      <Filter>Renderer</Filter>
    </ClInclude>
    <ClInclude Include="Error\ErrorWarningAssert.hpp">
      <Filter>Error</Filter>
    </ClInclude>
    <ClInclude Include="String\StringUtils.hpp">
      <Filter>String</Filter>
    </ClInclude>
    <ClInclude Include="Renderer\Rgba.hpp">
      <Filter>Renderer</Filter>
    </ClInclude>
    <ClInclude Include="..\ThirdParty\stb\stb_image.h">
      <Filter>ThirdParty\stb</Filter>
    </ClInclude>
    <ClInclude Include="..\ThirdParty\stb\stb_image_write.h">
      <Filter>ThirdParty\stb</Filter>
    </ClInclude>
    <ClInclude Include="Renderer\SpriteSheet.hpp">
      <Filter>Renderer</Filter>
    </ClInclude>
    <ClInclude Include="Renderer\SpriteAnimation.hpp">
      <Filter>Renderer</Filter>
    </ClInclude>
    <ClInclude Include="Audio\TheAudio.hpp">
      <Filter>Audio</Filter>
    </ClInclude>
    <ClInclude Include="Input\TheInput.hpp">
      <Filter>Input</Filter>
    </ClInclude>
    <ClInclude Include="Math\Vector3.hpp">
      <Filter>Math</Filter>
    </ClInclude>
    <ClInclude Include="Math\AABB3.hpp">
      <Filter>Math</Filter>
    </ClInclude>
    <ClInclude Include="Renderer\BitmapFont.hpp">
      <Filter>Renderer</Filter>
    </ClInclude>
    <ClInclude Include="EngineCommon.hpp" />
    <ClInclude Include="Math\EulerAngles.hpp">
      <Filter>Math</Filter>
    </ClInclude>
    <ClInclude Include="Renderer\Vertexes.hpp">
      <Filter>Renderer</Filter>
    </ClInclude>
    <ClInclude Include="Math\Noise.hpp">
      <Filter>Math</Filter>
    </ClInclude>
    <ClInclude Include="FileUtils\FileUtils.hpp">
      <Filter>FileUtils</Filter>
    </ClInclude>
    <ClInclude Include="Renderer\OpenGLExtensions.hpp">
      <Filter>Renderer</Filter>
    </ClInclude>
    <ClInclude Include="Renderer\glext.h">
      <Filter>Renderer</Filter>
    </ClInclude>
    <ClInclude Include="Renderer\wglext.h">
      <Filter>Renderer</Filter>
    </ClInclude>
    <ClInclude Include="Math\Vector4.hpp">
      <Filter>Math</Filter>
    </ClInclude>
    <ClInclude Include="Core\TheConsole.hpp">
      <Filter>Core</Filter>
    </ClInclude>
    <ClInclude Include="Core\Command.hpp">
      <Filter>Core</Filter>
    </ClInclude>
    <ClInclude Include="Math\Matrix4x4.hpp">
      <Filter>Math</Filter>
    </ClInclude>
    <ClInclude Include="Renderer\Sampler.hpp">
      <Filter>Renderer\SD3</Filter>
    </ClInclude>
    <ClInclude Include="Renderer\Shader.hpp">
      <Filter>Renderer\SD3</Filter>
    </ClInclude>
    <ClInclude Include="Renderer\VertexDefinition.hpp">
      <Filter>Renderer\SD3</Filter>
    </ClInclude>
    <ClInclude Include="Renderer\RenderState.hpp">
      <Filter>Renderer\SD3</Filter>
    </ClInclude>
    <ClInclude Include="Renderer\ShaderProgram.hpp">
      <Filter>Renderer\SD3</Filter>
    </ClInclude>
    <ClInclude Include="Renderer\Mesh.hpp">
      <Filter>Renderer\SD3</Filter>
    </ClInclude>
    <ClInclude Include="Renderer\Material.hpp">
      <Filter>Renderer\SD3</Filter>
    </ClInclude>
    <ClInclude Include="Renderer\VertexBuffer.hpp">
      <Filter>Renderer\SD3</Filter>
    </ClInclude>
    <ClInclude Include="Renderer\MeshRenderer.hpp">
      <Filter>Renderer\SD3</Filter>
    </ClInclude>
    <ClInclude Include="Renderer\Light.hpp">
      <Filter>Renderer\SD3</Filter>
    </ClInclude>
    <ClInclude Include="Renderer\FrameBuffer.hpp">
      <Filter>Renderer\SD3</Filter>
    </ClInclude>
    <ClInclude Include="Physics\PhysicsUtils.hpp">
      <Filter>Physics</Filter>
    </ClInclude>
    <ClInclude Include="Renderer\DebugRenderCommand.hpp">
      <Filter>Renderer</Filter>
    </ClInclude>
    <ClInclude Include="TheEngine.hpp" />
    <ClInclude Include="Renderer\MeshBuilder.hpp">
      <Filter>Renderer\AES</Filter>
    </ClInclude>
    <ClInclude Include="Math\Plane.hpp">
      <Filter>Math</Filter>
    </ClInclude>
    <ClInclude Include="Tools\FBXUtils.hpp">
      <Filter>Tools</Filter>
    </ClInclude>
    <ClInclude Include="..\ThirdParty\Parsers\xmlparser\xmlParser.h">
      <Filter>ThirdParty\Parsers</Filter>
    </ClInclude>
    <ClInclude Include="FileUtils\XMLUtils.hpp">
      <Filter>FileUtils</Filter>
    </ClInclude>
    <ClInclude Include="Core\Entity.hpp">
      <Filter>Core</Filter>
    </ClInclude>
    <ClInclude Include="Memory\ByteUtils.hpp">
      <Filter>Memory</Filter>
    </ClInclude>
    <ClInclude Include="FileUtils\Writers\BinaryWriter.hpp">
      <Filter>FileUtils\Writers</Filter>
    </ClInclude>
    <ClInclude Include="FileUtils\Readers\BinaryReader.hpp">
      <Filter>FileUtils\Readers</Filter>
    </ClInclude>
    <ClInclude Include="FileUtils\Readers\FileBinaryReader.hpp">
      <Filter>FileUtils\Readers</Filter>
    </ClInclude>
    <ClInclude Include="FileUtils\Writers\FileBinaryWriter.hpp">
      <Filter>FileUtils\Writers</Filter>
    </ClInclude>
    <ClInclude Include="Memory\BitUtils.hpp">
      <Filter>Memory</Filter>
    </ClInclude>
    <ClInclude Include="Renderer\Skeleton.hpp">
      <Filter>Renderer\AES</Filter>
    </ClInclude>
    <ClInclude Include="Math\MatrixStack.hpp">
      <Filter>Math</Filter>
    </ClInclude>
    <ClInclude Include="Renderer\FixedBitmapFont.hpp">
      <Filter>Renderer</Filter>
    </ClInclude>
    <ClInclude Include="Renderer\AnimationSequence.hpp">
      <Filter>Renderer\AES</Filter>
    </ClInclude>
    <ClInclude Include="Math\Interval.hpp">
      <Filter>Math</Filter>
    </ClInclude>
    <ClInclude Include="Memory\Memory.hpp">
      <Filter>Memory</Filter>
    </ClInclude>
    <ClInclude Include="BuildConfig.hpp" />
    <ClInclude Include="Memory\CBuffer.hpp">
      <Filter>Memory</Filter>
    </ClInclude>
    <ClInclude Include="Memory\Callstack.hpp">
      <Filter>Memory</Filter>
    </ClInclude>
    <ClInclude Include="Memory\UntrackedAllocator.hpp">
      <Filter>Memory</Filter>
    </ClInclude>
    <ClInclude Include="Core\Logger.hpp">
      <Filter>Core</Filter>
    </ClInclude>
    <ClInclude Include="Concurrency\Thread.hpp">
      <Filter>Concurrency</Filter>
    </ClInclude>
    <ClInclude Include="Concurrency\CriticalSection.hpp">
      <Filter>Concurrency</Filter>
    </ClInclude>
    <ClInclude Include="Concurrency\ThreadSafeQueue.hpp">
      <Filter>Concurrency</Filter>
    </ClInclude>
    <ClInclude Include="Concurrency\ThreadSafeVector.hpp">
      <Filter>Concurrency</Filter>
    </ClInclude>
    <ClInclude Include="Renderer\SpriteRenderer.hpp">
      <Filter>Renderer\SD5</Filter>
    </ClInclude>
    <ClInclude Include="Renderer\SpriteResource.hpp">
      <Filter>Renderer\SD5</Filter>
    </ClInclude>
    <ClInclude Include="Renderer\Sprite.hpp">
      <Filter>Renderer\SD5</Filter>
    </ClInclude>
    <ClInclude Include="Math\Camera2D.hpp">
      <Filter>Math\Cameras</Filter>
    </ClInclude>
    <ClInclude Include="Math\Camera3D.hpp">
      <Filter>Math\Cameras</Filter>
    </ClInclude>
    <ClInclude Include="Renderer\FramebufferEffect.hpp">
      <Filter>Renderer\SD5</Filter>
    </ClInclude>
    <ClInclude Include="Renderer\RiftUtils.hpp">
      <Filter>Renderer\DFS1</Filter>
    </ClInclude>
    <ClInclude Include="Physics\Forces.hpp">
      <Filter>Physics</Filter>
    </ClInclude>
    <ClInclude Include="Renderer\AnimatedSprite.hpp">
      <Filter>Renderer\SD5</Filter>
    </ClInclude>
    <ClInclude Include="Physics\Cloth.hpp">
      <Filter>Physics</Filter>
    </ClInclude>
    <ClInclude Include="Core\EngineEvent.hpp">
      <Filter>Core</Filter>
    </ClInclude>
    <ClInclude Include="Core\InPlaceLinkedList.hpp">
      <Filter>Core</Filter>
    </ClInclude>
    <ClInclude Include="Core\TheEventSystem.hpp">
      <Filter>Core</Filter>
    </ClInclude>
    <ClInclude Include="Time\Stopwatch.hpp">
      <Filter>Time</Filter>
    </ClInclude>
    <ClInclude Include="Tools\Profiling\ProfileSection.hpp">
      <Filter>Tools\Profiling</Filter>
    </ClInclude>
    <ClInclude Include="Tools\Profiling\ProfileLogSection.hpp">
      <Filter>Tools\Profiling</Filter>
    </ClInclude>
    <ClInclude Include="Tools\Profiling\ProfilePrintScopedSection.hpp">
      <Filter>Tools\Profiling</Filter>
    </ClInclude>
    <ClInclude Include="Tools\Profiling\Profiler.hpp">
      <Filter>Tools\Profiling</Filter>
    </ClInclude>
    <ClInclude Include="Tools\Profiling\ProfileScopedSection.hpp">
      <Filter>Tools\Profiling</Filter>
    </ClInclude>
    <ClInclude Include="Memory\ObjectPool.hpp">
      <Filter>Memory</Filter>
    </ClInclude>
    <ClInclude Include="Memory\PageAllocator.hpp">
      <Filter>Memory</Filter>
    </ClInclude>
    <ClInclude Include="..\ThirdParty\fmodStudio\fmod_studio.h">
      <Filter>ThirdParty\fmodStudio</Filter>
    </ClInclude>
    <ClInclude Include="..\ThirdParty\fmodStudio\fmod_studio.hpp">
      <Filter>ThirdParty\fmodStudio</Filter>
    </ClInclude>
    <ClInclude Include="..\ThirdParty\fmodStudio\fmod_studio_common.h">
      <Filter>ThirdParty\fmodStudio</Filter>
    </ClInclude>
    <ClInclude Include="..\ThirdParty\fmodStudio\fmod_dsp.h">
      <Filter>ThirdParty\fmodStudio</Filter>
    </ClInclude>
    <ClInclude Include="..\ThirdParty\fmodStudio\fmod.h">
      <Filter>ThirdParty\fmodStudio</Filter>
    </ClInclude>
    <ClInclude Include="..\ThirdParty\fmodStudio\fmod.hpp">
      <Filter>ThirdParty\fmodStudio</Filter>
    </ClInclude>
    <ClInclude Include="..\ThirdParty\fmodStudio\fmod_codec.h">
      <Filter>ThirdParty\fmodStudio</Filter>
    </ClInclude>
    <ClInclude Include="..\ThirdParty\fmodStudio\fmod_common.h">
      <Filter>ThirdParty\fmodStudio</Filter>
    </ClInclude>
    <ClInclude Include="..\ThirdParty\fmodStudio\fmod_dsp_effects.h">
      <Filter>ThirdParty\fmodStudio</Filter>
    </ClInclude>
    <ClInclude Include="..\ThirdParty\fmodStudio\fmod_errors.h">
      <Filter>ThirdParty\fmodStudio</Filter>
    </ClInclude>
    <ClInclude Include="..\ThirdParty\fmodStudio\fmod_output.h">
      <Filter>ThirdParty\fmodStudio</Filter>
    </ClInclude>
    <ClInclude Include="Renderer\ResourceDatabase.hpp">
      <Filter>Renderer\SD5</Filter>
    </ClInclude>
    <ClInclude Include="Renderer\RenderLayer.hpp">
      <Filter>Renderer\SD5</Filter>
    </ClInclude>
    <ClInclude Include="Physics\EphanovParticle.hpp">
      <Filter>Physics</Filter>
    </ClInclude>
    <ClInclude Include="Physics\EphanovParticleSystem.hpp">
      <Filter>Physics</Filter>
    </ClInclude>
    <ClInclude Include="Renderer\Particles\Particle.hpp">
      <Filter>Renderer\Particles</Filter>
    </ClInclude>
    <ClInclude Include="Renderer\Particles\ParticleEmitter.hpp">
      <Filter>Renderer\Particles</Filter>
    </ClInclude>
    <ClInclude Include="Renderer\Particles\ParticleEmitterDefinition.hpp">
      <Filter>Renderer\Particles</Filter>
    </ClInclude>
    <ClInclude Include="Renderer\Particles\ParticleSystem.hpp">
      <Filter>Renderer\Particles</Filter>
    </ClInclude>
    <ClInclude Include="Renderer\Particles\ParticleSystemDefinition.hpp">
      <Filter>Renderer\Particles</Filter>
    </ClInclude>
    <ClInclude Include="Renderer\Particles\ParticleSystemManager.hpp">
      <Filter>Renderer\Particles</Filter>
    </ClInclude>
  </ItemGroup>
  <ItemGroup>
    <Library Include="..\ThirdParty\fmodStudio\fmodstudio_vc.lib">
      <Filter>ThirdParty\fmodStudio</Filter>
    </Library>
    <Library Include="..\ThirdParty\fmodStudio\fmod_vc.lib">
      <Filter>ThirdParty\fmodStudio</Filter>
    </Library>
    <Library Include="..\ThirdParty\fmodStudio\ovrfmod.lib">
      <Filter>ThirdParty\fmodStudio</Filter>
    </Library>
  </ItemGroup>
</Project>